# @generated - this file is auto-generated by `mise lock` https://mise.jdx.dev/dev-tools/mise-lock.html

[[tools."aqua:cargo-bins/cargo-binstall"]]
version = "1.21.1"
backend = "aqua:cargo-bins/cargo-binstall"

[tools."aqua:cargo-bins/cargo-binstall"."platforms.linux-arm64"]
checksum = "sha256:1dc2979f3c83aade9a1b4344589d14fafa63459b759222528d11419f5cca9cc2"
url = "https://github.com/cargo-bins/cargo-binstall/releases/download/v1.21.1/cargo-binstall-aarch64-unknown-linux-musl.tgz"
url_api = "https://api.github.com/repos/cargo-bins/cargo-binstall/releases/assets/489425352"
provenance = "github-attestations"

[tools."aqua:cargo-bins/cargo-binstall"."platforms.linux-arm64-musl"]
checksum = "sha256:1dc2979f3c83aade9a1b4344589d14fafa63459b759222528d11419f5cca9cc2"
url = "https://github.com/cargo-bins/cargo-binstall/releases/download/v1.21.1/cargo-binstall-aarch64-unknown-linux-musl.tgz"
url_api = "https://api.github.com/repos/cargo-bins/cargo-binstall/releases/assets/489425352"
provenance = "github-attestations"

[tools."aqua:cargo-bins/cargo-binstall"."platforms.linux-x64"]
checksum = "sha256:630c8f8803a686aa6779497f0f0fb51d49822fb5fc3c514d8ced33b34e338e6e"
url = "https://github.com/cargo-bins/cargo-binstall/releases/download/v1.21.1/cargo-binstall-x86_64-unknown-linux-musl.tgz"
url_api = "https://api.github.com/repos/cargo-bins/cargo-binstall/releases/assets/489425174"
provenance = "github-attestations"

[tools."aqua:cargo-bins/cargo-binstall"."platforms.linux-x64-musl"]
checksum = "sha256:630c8f8803a686aa6779497f0f0fb51d49822fb5fc3c514d8ced33b34e338e6e"
url = "https://github.com/cargo-bins/cargo-binstall/releases/download/v1.21.1/cargo-binstall-x86_64-unknown-linux-musl.tgz"
url_api = "https://api.github.com/repos/cargo-bins/cargo-binstall/releases/assets/489425174"
provenance = "github-attestations"

[tools."aqua:cargo-bins/cargo-binstall"."platforms.macos-arm64"]
checksum = "sha256:bd03935f1a6d652647f6d42a2cd39396a55094ffddc65bed0debebfe32feea43"
url = "https://github.com/cargo-bins/cargo-binstall/releases/download/v1.21.1/cargo-binstall-aarch64-apple-darwin.zip"
url_api = "https://api.github.com/repos/cargo-bins/cargo-binstall/releases/assets/489425460"
provenance = "github-attestations"

[tools."aqua:cargo-bins/cargo-binstall"."platforms.macos-x64"]
checksum = "sha256:73894951a5c5343476e703b9f2ccea9e829396147ee33bded6a5e94c09298d81"
url = "https://github.com/cargo-bins/cargo-binstall/releases/download/v1.21.1/cargo-binstall-x86_64-apple-darwin.zip"
url_api = "https://api.github.com/repos/cargo-bins/cargo-binstall/releases/assets/489425224"
provenance = "github-attestations"

[tools."aqua:cargo-bins/cargo-binstall"."platforms.windows-x64"]
checksum = "sha256:27aee4e73cd8b1d479730cb9cdbd89b1114453a135689d4ee1a7e7f913f0ffe1"
url = "https://github.com/cargo-bins/cargo-binstall/releases/download/v1.21.1/cargo-binstall-x86_64-pc-windows-msvc.zip"
url_api = "https://api.github.com/repos/cargo-bins/cargo-binstall/releases/assets/489425215"
provenance = "github-attestations"

[[tools."cargo:cargo-hack"]]
version = "0.6.45"
backend = "cargo:cargo-hack"

[[tools."cargo:cargo-llvm-cov"]]
version = "0.8.7"
backend = "cargo:cargo-llvm-cov"

[[tools."cargo:cargo-nextest"]]
version = "0.9.143"
backend = "cargo:cargo-nextest"

[[tools."cargo:prek"]]
version = "0.4.12"
backend = "cargo:prek"

[[tools.rumdl]]
version = "v0.2.62"
backend = "aqua:rvben/rumdl"

[tools.rumdl."platforms.linux-arm64"]
checksum = "sha256:e0ad6d61afb9f4f734b297674e562846ee29b33f21618ce0678c9ea151d5d73a"
url = "https://github.com/rvben/rumdl/releases/download/v0.2.62/rumdl-v0.2.62-aarch64-unknown-linux-gnu.tar.gz"
url_api = "https://api.github.com/repos/rvben/rumdl/releases/assets/532322363"
provenance = "github-attestations"

[tools.rumdl."platforms.linux-arm64-musl"]
checksum = "sha256:79ec0b4771b1026dd337b942fc6f05655dd30503434f0412adf7b2feed402c44"
url = "https://github.com/rvben/rumdl/releases/download/v0.2.62/rumdl-v0.2.62-aarch64-unknown-linux-musl.tar.gz"
url_api = "https://api.github.com/repos/rvben/rumdl/releases/assets/532322353"
provenance = "github-attestations"

[tools.rumdl."platforms.linux-x64"]
checksum = "sha256:12058de9ab5e0078a468d11bd1a8c5b79f69768a15c06832cebde715075ed893"
url = "https://github.com/rvben/rumdl/releases/download/v0.2.62/rumdl-v0.2.62-x86_64-unknown-linux-gnu.tar.gz"
url_api = "https://api.github.com/repos/rvben/rumdl/releases/assets/532322356"
provenance = "github-attestations"

[tools.rumdl."platforms.linux-x64-musl"]
checksum = "sha256:f2581ed4b9cccff9288ee395777911f194368b28e0e0258070e94b7859a30b7e"
url = "https://github.com/rvben/rumdl/releases/download/v0.2.62/rumdl-v0.2.62-x86_64-unknown-linux-musl.tar.gz"
url_api = "https://api.github.com/repos/rvben/rumdl/releases/assets/532322358"
provenance = "github-attestations"

[tools.rumdl."platforms.macos-arm64"]
checksum = "sha256:3fd051ccb75e790635a7eb19585b4060c4c78bd3e7362daa98fa55dc46626b41"
url = "https://github.com/rvben/rumdl/releases/download/v0.2.62/rumdl-v0.2.62-aarch64-apple-darwin.tar.gz"
url_api = "https://api.github.com/repos/rvben/rumdl/releases/assets/532322359"
provenance = "github-attestations"

[tools.rumdl."platforms.macos-x64"]
checksum = "sha256:3cb4e17fda2703860f75a5ee1d1c08ee0bab045713b3b30edb5e60c192a93e3c"
url = "https://github.com/rvben/rumdl/releases/download/v0.2.62/rumdl-v0.2.62-x86_64-apple-darwin.tar.gz"
url_api = "https://api.github.com/repos/rvben/rumdl/releases/assets/532322361"
provenance = "github-attestations"

[tools.rumdl."platforms.windows-x64"]
checksum = "sha256:0e5521e7f5427dcb023372fd938101626a3cbda85bd06efa322ac109b58ccb5b"
url = "https://github.com/rvben/rumdl/releases/download/v0.2.62/rumdl-v0.2.62-x86_64-pc-windows-msvc.zip"
url_api = "https://api.github.com/repos/rvben/rumdl/releases/assets/532322368"
provenance = "github-attestations"

[[tools.rust]]
version = "1.97.1"
backend = "core:rust"

[tools.rust.options]
components = "clippy,llvm-tools"
